
Microsoft Visual Studio Solution File, Format Version 12.00
# Visual Studio 15
Project("{FAE04EC0-301F-11D3-BF4B-00C04F79EFBC}") = "Assembly-CSharp", "Assembly-CSharp.csproj", "{B86B80A5-0818-C0D0-B584-EF9EE6DE35E3}"
EndProject
Project("{FAE04EC0-301F-11D3-BF4B-00C04F79EFBC}") = "Assembly-CSharp-Editor", "Assembly-CSharp-Editor.csproj", "{5DE04ED6-D128-FB4A-C999-1AB4E8DE8DAF}"
EndProject
Project("{FAE04EC0-301F-11D3-BF4B-00C04F79EFBC}") = "Assembly-CSharp-Editor-firstpass", "Assembly-CSharp-Editor-firstpass.csproj", "{17A0A507-EAC9-CA1E-4C69-EA01F32A3759}"
EndProject
Global
	GlobalSection(SolutionConfigurationPlatforms) = preSolution
		Debug|Any CPU = Debug|Any CPU
		Release|Any CPU = Release|Any CPU
	EndGlobalSection
	GlobalSection(ProjectConfigurationPlatforms) = postSolution
		{B86B80A5-0818-C0D0-B584-EF9EE6DE35E3}.Debug|Any CPU.ActiveCfg = Debug|Any CPU
		{B86B80A5-0818-C0D0-B584-EF9EE6DE35E3}.Debug|Any CPU.Build.0 = Debug|Any CPU
		{B86B80A5-0818-C0D0-B584-EF9EE6DE35E3}.Release|Any CPU.ActiveCfg = Release|Any CPU
		{B86B80A5-0818-C0D0-B584-EF9EE6DE35E3}.Release|Any CPU.Build.0 = Release|Any CPU
		{5DE04ED6-D128-FB4A-C999-1AB4E8DE8DAF}.Debug|Any CPU.ActiveCfg = Debug|Any CPU
		{5DE04ED6-D128-FB4A-C999-1AB4E8DE8DAF}.Debug|Any CPU.Build.0 = Debug|Any CPU
		{5DE04ED6-D128-FB4A-C999-1AB4E8DE8DAF}.Release|Any CPU.ActiveCfg = Release|Any CPU
		{5DE04ED6-D128-FB4A-C999-1AB4E8DE8DAF}.Release|Any CPU.Build.0 = Release|Any CPU
		{17A0A507-EAC9-CA1E-4C69-EA01F32A3759}.Debug|Any CPU.ActiveCfg = Debug|Any CPU
		{17A0A507-EAC9-CA1E-4C69-EA01F32A3759}.Debug|Any CPU.Build.0 = Debug|Any CPU
		{17A0A507-EAC9-CA1E-4C69-EA01F32A3759}.Release|Any CPU.ActiveCfg = Release|Any CPU
		{17A0A507-EAC9-CA1E-4C69-EA01F32A3759}.Release|Any CPU.Build.0 = Release|Any CPU
	EndGlobalSection
	GlobalSection(SolutionProperties) = preSolution
		HideSolutionNode = FALSE
	EndGlobalSection
EndGlobal
